{
  "version": "3",
  "packages": {
    "specifiers": {
      "jsr:@std/assert@1": "jsr:@std/assert@1.0.3",
      "jsr:@std/bytes@^1.0.2": "jsr:@std/bytes@1.0.2",
      "jsr:@std/crypto@^1.0.3": "jsr:@std/crypto@1.0.3",
      "jsr:@std/fs@^1.0.2": "jsr:@std/fs@1.0.2",
      "jsr:@std/internal@^1.0.2": "jsr:@std/internal@1.0.2",
      "jsr:@std/io@^0.224.6": "jsr:@std/io@0.224.6",
      "jsr:@std/path@^1.0.3": "jsr:@std/path@1.0.3"
    },
    "jsr": {
      "@std/assert@1.0.3": {
        "integrity": "b0d03ce1ced880df67132eea140623010d415848df66f6aa5df76507ca7c26d8",
        "dependencies": [
          "jsr:@std/internal@^1.0.2"
        ]
      },
      "@std/bytes@1.0.2": {
        "integrity": "fbdee322bbd8c599a6af186a1603b3355e59a5fb1baa139f8f4c3c9a1b3e3d57"
      },
      "@std/crypto@1.0.3": {
        "integrity": "a2a32f51ddef632d299e3879cd027c630dcd4d1d9a5285d6e6788072f4e51e7f"
      },
      "@std/fs@1.0.2": {
        "integrity": "af57555c7a224a6f147d5cced5404692974f7a628ced8eda67e0d22d92d474ec",
        "dependencies": [
          "jsr:@std/path@^1.0.3"
        ]
      },
      "@std/internal@1.0.2": {
        "integrity": "f4cabe2021352e8bfc24e6569700df87bf070914fc38d4b23eddd20108ac4495"
      },
      "@std/io@0.224.6": {
        "integrity": "eefe034a370be34daf066c8634dd645635d099bb21eccf110f0bdc28d9040891",
        "dependencies": [
          "jsr:@std/bytes@^1.0.2"
        ]
      },
      "@std/path@1.0.3": {
        "integrity": "cd89d014ce7eb3742f2147b990f6753ee51d95276bfc211bc50c860c1bc7df6f"
      }
    }
  },
  "remote": {},
  "workspace": {
    "dependencies": [
      "jsr:@std/assert@1",
      "jsr:@std/crypto@^1.0.3",
      "jsr:@std/fs@^1.0.2",
      "jsr:@std/io@^0.224.6",
      "jsr:@std/path@^1.0.3"
    ]
  }
}
